
Microsoft Visual Studio Solution File, Format Version 12.00
# Visual Studio Version 16
VisualStudioVersion = 16.0.30503.244
MinimumVisualStudioVersion = 10.0.40219.1
Project("{FAE04EC0-301F-11D3-BF4B-00C04F79EFBC}") = "DAchaucay", "DAchaucay\DAchaucay.csproj", "{0D79D797-8CD2-48B8-ACC8-D4BD6A623B7E}"
EndProject
Global
	GlobalSection(SolutionConfigurationPlatforms) = preSolution
		Debug|Any CPU = Debug|Any CPU
		Release|Any CPU = Release|Any CPU
	EndGlobalSection
	GlobalSection(ProjectConfigurationPlatforms) = postSolution
		{0D79D797-8CD2-48B8-ACC8-D4BD6A623B7E}.Debug|Any CPU.ActiveCfg = Debug|Any CPU
		{0D79D797-8CD2-48B8-ACC8-D4BD6A623B7E}.Debug|Any CPU.Build.0 = Debug|Any CPU
		{0D79D797-8CD2-48B8-ACC8-D4BD6A623B7E}.Release|Any CPU.ActiveCfg = Release|Any CPU
		{0D79D797-8CD2-48B8-ACC8-D4BD6A623B7E}.Release|Any CPU.Build.0 = Release|Any CPU
	EndGlobalSection
	GlobalSection(SolutionProperties) = preSolution
		HideSolutionNode = FALSE
	EndGlobalSection
	GlobalSection(ExtensibilityGlobals) = postSolution
		SolutionGuid = {DF873C3F-1978-427C-A3EE-7F89A30891C3}
	EndGlobalSection
EndGlobal
